<Project xmlns="http://schemas.microsoft.com/developer/msbuild/2003">
    <PropertyGroup>
        <ProjectGuid>{CAC0D692-4135-486F-971E-44AB96B94264}</ProjectGuid>
        <ProjectVersion>14.4</ProjectVersion>
        <FrameworkType>None</FrameworkType>
        <MainSource>MergeRes.dpr</MainSource>
        <Base>True</Base>
        <Config Condition="'$(Config)'==''">Release</Config>
        <Platform Condition="'$(Platform)'==''">Win32</Platform>
        <TargetedPlatforms>1</TargetedPlatforms>
        <AppType>Console</AppType>
    </PropertyGroup>
    <PropertyGroup Condition="'$(Config)'=='Base' or '$(Base)'!=''">
        <Base>true</Base>
    </PropertyGroup>
    <PropertyGroup Condition="('$(Platform)'=='OSX32' and '$(Base)'=='true') or '$(Base_OSX32)'!=''">
        <Base_OSX32>true</Base_OSX32>
        <CfgParent>Base</CfgParent>
        <Base>true</Base>
    </PropertyGroup>
    <PropertyGroup Condition="('$(Platform)'=='Win32' and '$(Base)'=='true') or '$(Base_Win32)'!=''">
        <Base_Win32>true</Base_Win32>
        <CfgParent>Base</CfgParent>
        <Base>true</Base>
    </PropertyGroup>
    <PropertyGroup Condition="('$(Platform)'=='Win64' and '$(Base)'=='true') or '$(Base_Win64)'!=''">
        <Base_Win64>true</Base_Win64>
        <CfgParent>Base</CfgParent>
        <Base>true</Base>
    </PropertyGroup>
    <PropertyGroup Condition="'$(Config)'=='Debug' or '$(Cfg_1)'!=''">
        <Cfg_1>true</Cfg_1>
        <CfgParent>Base</CfgParent>
        <Base>true</Base>
    </PropertyGroup>
    <PropertyGroup Condition="('$(Platform)'=='Win32' and '$(Cfg_1)'=='true') or '$(Cfg_1_Win32)'!=''">
        <Cfg_1_Win32>true</Cfg_1_Win32>
        <CfgParent>Cfg_1</CfgParent>
        <Cfg_1>true</Cfg_1>
        <Base>true</Base>
    </PropertyGroup>
    <PropertyGroup Condition="'$(Config)'=='Release' or '$(Cfg_2)'!=''">
        <Cfg_2>true</Cfg_2>
        <CfgParent>Base</CfgParent>
        <Base>true</Base>
    </PropertyGroup>
    <PropertyGroup Condition="('$(Platform)'=='OSX32' and '$(Cfg_2)'=='true') or '$(Cfg_2_OSX32)'!=''">
        <Cfg_2_OSX32>true</Cfg_2_OSX32>
        <CfgParent>Cfg_2</CfgParent>
        <Cfg_2>true</Cfg_2>
        <Base>true</Base>
    </PropertyGroup>
    <PropertyGroup Condition="('$(Platform)'=='Win32' and '$(Cfg_2)'=='true') or '$(Cfg_2_Win32)'!=''">
        <Cfg_2_Win32>true</Cfg_2_Win32>
        <CfgParent>Cfg_2</CfgParent>
        <Cfg_2>true</Cfg_2>
        <Base>true</Base>
    </PropertyGroup>
    <PropertyGroup Condition="'$(Base)'!=''">
        <DCC_Namespace>System;Xml;Data;Datasnap;Web;Soap;$(DCC_Namespace)</DCC_Namespace>
        <DCC_DcuOutput>.\$(Platform)\$(Config)</DCC_DcuOutput>
        <DCC_ExeOutput>.\$(Platform)\$(Config)</DCC_ExeOutput>
        <DCC_E>false</DCC_E>
        <DCC_N>false</DCC_N>
        <DCC_S>false</DCC_S>
        <DCC_F>false</DCC_F>
        <DCC_K>false</DCC_K>
    </PropertyGroup>
    <PropertyGroup Condition="'$(Base_OSX32)'!=''">
        <Icns_MainIcns>$(BDS)\bin\delphi_PROJECTICNS.icns</Icns_MainIcns>
        <DCC_UsePackage>DBXInterBaseDriver;DataSnapServer;DataSnapCommon;DbxCommonDriver;dbxcds;CustomIPTransport;dsnap;IndyIPServer;IndyCore;bindcompfmx;dbrtl;bindcomp;inetdb;xmlrtl;ibxpress;bindengine;soaprtl;DBXInformixDriver;DBXFirebirdDriver;inet;DBXSybaseASADriver;dbexpress;IndyIPClient;DBXSqliteDriver;fmx;IndySystem;DataSnapClient;DataSnapProviderClient;DBXOracleDriver;fmxase;IndyIPCommon;inetdbxpress;rtl;DbxClientDriver;IndyProtocols;DBXMySQLDriver;bindcompdbx;fmxobj;fmxdae;DataSnapIndy10ServerTransport;$(DCC_UsePackage)</DCC_UsePackage>
    </PropertyGroup>
    <PropertyGroup Condition="'$(Base_Win32)'!=''">
        <VerInfo_Locale>1033</VerInfo_Locale>
        <DCC_Namespace>Winapi;System.Win;Data.Win;Datasnap.Win;Web.Win;Soap.Win;Xml.Win;Bde;$(DCC_Namespace)</DCC_Namespace>
        <VerInfo_Keys>CompanyName=;FileDescription=;FileVersion=1.0.0.0;InternalName=;LegalCopyright=;LegalTrademarks=;OriginalFilename=;ProductName=;ProductVersion=1.0.0.0;Comments=</VerInfo_Keys>
        <DCC_UsePackage>cxPivotGridChartRS17;dxSkinSevenRS17;dxSkinBlueprintRS17;dxSkinHighContrastRS17;tmsexdxe3;dxSkinOffice2007BlackRS17;dxCoreRS17;cxPageControldxBarPopupMenuRS17;dxSkinXmas2008BlueRS17;dxPSDBTeeChartRS17;dxPSTeeChartRS17;dxSkinSummer2008RS17;dxPScxSchedulerLnkRS17;dxSkinBlueRS17;dxSkinDarkRoomRS17;DBXInterBaseDriver;DataSnapServer;DataSnapCommon;dxPScxTLLnkRS17;dxRibbonRS17;DbxCommonDriver;cxDataRS17;vclimg;dxSkinsdxBarPainterRS17;dxPSdxDBTVLnkRS17;dbxcds;DatasnapConnectorsFreePascal;dxSkinMoneyTwinsRS17;vcldb;cxExportRS17;dxPSCoreRS17;dxBarExtItemsRS17;dxGDIPlusRS17;dxNavBarRS17;CustomIPTransport;cxLibraryRS17;cxGridRS17;dxSkinOffice2010BlackRS17;dsnap;IndyIPServer;IndyCore;dxSkinMcSkinRS17;CloudService;dxPScxCommonRS17;dxSkinsdxDLPainterRS17;frxDB17;dxSkiniMaginaryRS17;FmxTeeUI;dxPScxVGridLnkRS17;dxSkinSevenClassicRS17;dxPScxExtCommonRS17;dxPScxSSLnkRS17;dxSkinLilianRS17;fs17;dxPSdxLCLnkRS17;dxSkinOffice2010BlueRS17;bindcompfmx;dxSkinOffice2010SilverRS17;vcldbx;cxSchedulerGridRS17;dbrtl;bindcomp;inetdb;dxBarRS17;DBXOdbcDriver;dxBarDBNavRS17;dxSkinWhiteprintRS17;xmlrtl;dxSkinsdxRibbonPainterRS17;ibxpress;tmsdxe3;dxDockingRS17;vclactnband;bindengine;dxADOServerModeRS17;soaprtl;FMXTee;dxBarExtDBItemsRS17;dxPSPrVwRibbonRS17;dxSkinOffice2007PinkRS17;bindcompvcl;vclie;cxPageControlRS17;dxSkinscxPCPainterRS17;dxmdsRS17;dxSkinTheAsphaltWorldRS17;DBXInformixDriver;Intraweb;dxPsPrVwAdvRS17;dxSkinSilverRS17;dxdborRS17;dsnapcon;DBXFirebirdDriver;inet;fsDB17;vclx;dxSkinStardustRS17;cxEditorsRS17;DBXSybaseASADriver;dbexpress;IndyIPClient;cxTreeListdxBarPopupMenuRS17;dxSkinVS2010RS17;nrcommd16;dxThemeRS17;DBXSqliteDriver;dxPScxGridLnkRS17;fmx;IndySystem;TeeDB;dxSkinValentineRS17;vclib;inetdbbde;DataSnapClient;dxSkinDevExpressStyleRS17;DataSnapProviderClient;DBXSybaseASEDriver;cxBarEditItemRS17;dxServerModeRS17;cxPivotGridOLAPRS17;cxSchedulerRS17;MetropolisUILiveTile;dxSkinPumpkinRS17;dxPSLnksRS17;dxPSdxDBOCLnkRS17;cxVerticalGridRS17;dxSkinSpringTimeRS17;vcldsnap;dxSkinDevExpressDarkStyleRS17;DBXDb2Driver;DBXOracleDriver;dxSkinLiquidSkyRS17;vclribbon;cxSpreadSheetRS17;fmxase;vcl;dxSkinOffice2007SilverRS17;IndyIPCommon;DBXMSSQLDriver;CodeSiteExpressPkg;dxPSdxOCLnkRS17;dcldxSkinsCoreRS17;inetdbxpress;webdsnap;dxSkinCoffeeRS17;adortl;dxSkinscxSchedulerPainterRS17;frx17;dxtrmdRS17;dxPScxPCProdRS17;rtl;DbxClientDriver;dxTabbedMDIRS17;dxSkinSharpPlusRS17;dxComnRS17;dxSkinsCoreRS17;dxSkinLondonLiquidSkyRS17;dxdbtrRS17;Tee;dxSkinBlackRS17;dxorgcRS17;svnui;IndyProtocols;DBXMySQLDriver;dxLayoutControlRS17;TeeUI;bindcompdbx;dxSkinOffice2007BlueRS17;dxPScxPivotGridLnkRS17;dxSpellCheckerRS17;vcltouch;dxSkinOffice2007GreenRS17;dxSkinSharpRS17;websnap;dxSkinFoggyRS17;dxTileControlRS17;FindFileComps;VclSmp;dxSkinDarkSideRS17;cxPivotGridRS17;DataSnapConnectors;cxTreeListRS17;dxSkinGlassOceansRS17;fmxobj;dxPSdxFCLnkRS17;frxe17;svn;dxFlowChartRS17;fmxdae;dxSkinsdxNavBarPainterRS17;bdertl;dxDBXServerModeRS17;DataSnapIndy10ServerTransport;dxSkinCaramelRS17;$(DCC_UsePackage)</DCC_UsePackage>
    </PropertyGroup>
    <PropertyGroup Condition="'$(Base_Win64)'!=''">
        <DCC_UsePackage>cxPivotGridChartRS17;dxSkinSevenRS17;dxSkinBlueprintRS17;dxSkinHighContrastRS17;dxSkinOffice2007BlackRS17;dxCoreRS17;cxPageControldxBarPopupMenuRS17;dxSkinXmas2008BlueRS17;dxPSDBTeeChartRS17;dxPSTeeChartRS17;dxSkinSummer2008RS17;dxPScxSchedulerLnkRS17;dxSkinBlueRS17;dxSkinDarkRoomRS17;DBXInterBaseDriver;DataSnapServer;DataSnapCommon;dxPScxTLLnkRS17;dxRibbonRS17;DbxCommonDriver;cxDataRS17;vclimg;dxSkinsdxBarPainterRS17;dxPSdxDBTVLnkRS17;dbxcds;DatasnapConnectorsFreePascal;dxSkinMoneyTwinsRS17;vcldb;cxExportRS17;dxPSCoreRS17;dxBarExtItemsRS17;dxGDIPlusRS17;dxNavBarRS17;CustomIPTransport;cxLibraryRS17;cxGridRS17;dxSkinOffice2010BlackRS17;dsnap;IndyIPServer;IndyCore;dxSkinMcSkinRS17;dxPScxCommonRS17;dxSkinsdxDLPainterRS17;dxSkiniMaginaryRS17;dxPScxVGridLnkRS17;dxSkinSevenClassicRS17;dxPScxExtCommonRS17;dxPScxSSLnkRS17;dxSkinLilianRS17;dxPSdxLCLnkRS17;dxSkinOffice2010BlueRS17;bindcompfmx;dxSkinOffice2010SilverRS17;dbrtl;bindcomp;inetdb;dxBarRS17;DBXOdbcDriver;dxBarDBNavRS17;dxSkinWhiteprintRS17;xmlrtl;dxSkinsdxRibbonPainterRS17;ibxpress;tmsdxe3;dxDockingRS17;vclactnband;bindengine;dxADOServerModeRS17;soaprtl;dxBarExtDBItemsRS17;dxPSPrVwRibbonRS17;dxSkinOffice2007PinkRS17;bindcompvcl;vclie;cxPageControlRS17;dxSkinscxPCPainterRS17;dxmdsRS17;dxSkinTheAsphaltWorldRS17;DBXInformixDriver;dxPsPrVwAdvRS17;dxSkinSilverRS17;dxdborRS17;dsnapcon;DBXFirebirdDriver;inet;vclx;dxSkinStardustRS17;cxEditorsRS17;DBXSybaseASADriver;dbexpress;IndyIPClient;cxTreeListdxBarPopupMenuRS17;dxSkinVS2010RS17;dxThemeRS17;DBXSqliteDriver;dxPScxGridLnkRS17;fmx;IndySystem;TeeDB;dxSkinValentineRS17;vclib;DataSnapClient;dxSkinDevExpressStyleRS17;DataSnapProviderClient;DBXSybaseASEDriver;cxBarEditItemRS17;dxServerModeRS17;cxPivotGridOLAPRS17;cxSchedulerRS17;dxSkinPumpkinRS17;dxPSLnksRS17;dxPSdxDBOCLnkRS17;cxVerticalGridRS17;dxSkinSpringTimeRS17;vcldsnap;dxSkinDevExpressDarkStyleRS17;DBXDb2Driver;DBXOracleDriver;dxSkinLiquidSkyRS17;cxSpreadSheetRS17;fmxase;vcl;dxSkinOffice2007SilverRS17;IndyIPCommon;DBXMSSQLDriver;dxPSdxOCLnkRS17;dcldxSkinsCoreRS17;inetdbxpress;webdsnap;dxSkinCoffeeRS17;adortl;dxSkinscxSchedulerPainterRS17;dxtrmdRS17;dxPScxPCProdRS17;rtl;DbxClientDriver;dxTabbedMDIRS17;dxSkinSharpPlusRS17;dxComnRS17;dxSkinsCoreRS17;dxSkinLondonLiquidSkyRS17;dxdbtrRS17;Tee;dxSkinBlackRS17;dxorgcRS17;IndyProtocols;DBXMySQLDriver;dxLayoutControlRS17;TeeUI;bindcompdbx;dxSkinOffice2007BlueRS17;dxPScxPivotGridLnkRS17;vcltouch;dxSkinOffice2007GreenRS17;dxSkinSharpRS17;websnap;dxSkinFoggyRS17;VclSmp;dxSkinDarkSideRS17;cxPivotGridRS17;DataSnapConnectors;cxTreeListRS17;dxSkinGlassOceansRS17;fmxobj;dxPSdxFCLnkRS17;dxFlowChartRS17;fmxdae;dxSkinsdxNavBarPainterRS17;dxDBXServerModeRS17;DataSnapIndy10ServerTransport;dxSkinCaramelRS17;$(DCC_UsePackage)</DCC_UsePackage>
    </PropertyGroup>
    <PropertyGroup Condition="'$(Cfg_1)'!=''">
        <DCC_Define>DEBUG;$(DCC_Define)</DCC_Define>
        <DCC_DebugDCUs>true</DCC_DebugDCUs>
        <DCC_Optimize>false</DCC_Optimize>
        <DCC_GenerateStackFrames>true</DCC_GenerateStackFrames>
        <DCC_DebugInfoInExe>true</DCC_DebugInfoInExe>
        <DCC_RemoteDebug>true</DCC_RemoteDebug>
    </PropertyGroup>
    <PropertyGroup Condition="'$(Cfg_1_Win32)'!=''">
        <Debugger_RunParams>.\..\..\..\data\TreeStyle.png .\</Debugger_RunParams>
        <DCC_RemoteDebug>false</DCC_RemoteDebug>
    </PropertyGroup>
    <PropertyGroup Condition="'$(Cfg_2)'!=''">
        <DCC_LocalDebugSymbols>false</DCC_LocalDebugSymbols>
        <DCC_Define>RELEASE;$(DCC_Define)</DCC_Define>
        <DCC_SymbolReferenceInfo>0</DCC_SymbolReferenceInfo>
        <DCC_DebugInformation>false</DCC_DebugInformation>
    </PropertyGroup>
    <PropertyGroup Condition="'$(Cfg_2_OSX32)'!=''">
        <Icns_MainIcns>$(BDS)\bin\delphi_PROJECTICNS.icns</Icns_MainIcns>
    </PropertyGroup>
    <PropertyGroup Condition="'$(Cfg_2_Win32)'!=''">
        <VerInfo_Locale>1033</VerInfo_Locale>
        <VerInfo_IncludeVerInfo>true</VerInfo_IncludeVerInfo>
        <Manifest_File>None</Manifest_File>
        <VerInfo_Debug>true</VerInfo_Debug>
    </PropertyGroup>
    <ItemGroup>
        <DelphiCompile Include="$(MainSource)">
            <MainSource>MainSource</MainSource>
        </DelphiCompile>
        <BuildConfiguration Include="Release">
            <Key>Cfg_2</Key>
            <CfgParent>Base</CfgParent>
        </BuildConfiguration>
        <BuildConfiguration Include="Base">
            <Key>Base</Key>
        </BuildConfiguration>
        <BuildConfiguration Include="Debug">
            <Key>Cfg_1</Key>
            <CfgParent>Base</CfgParent>
        </BuildConfiguration>
    </ItemGroup>
    <ProjectExtensions>
        <Borland.Personality>Delphi.Personality.12</Borland.Personality>
        <Borland.ProjectType/>
        <BorlandProject>
            <Delphi.Personality>
                <VersionInfo>
                    <VersionInfo Name="IncludeVerInfo">False</VersionInfo>
                    <VersionInfo Name="AutoIncBuild">False</VersionInfo>
                    <VersionInfo Name="MajorVer">1</VersionInfo>
                    <VersionInfo Name="MinorVer">0</VersionInfo>
                    <VersionInfo Name="Release">0</VersionInfo>
                    <VersionInfo Name="Build">0</VersionInfo>
                    <VersionInfo Name="Debug">False</VersionInfo>
                    <VersionInfo Name="PreRelease">False</VersionInfo>
                    <VersionInfo Name="Special">False</VersionInfo>
                    <VersionInfo Name="Private">False</VersionInfo>
                    <VersionInfo Name="DLL">False</VersionInfo>
                    <VersionInfo Name="Locale">2052</VersionInfo>
                    <VersionInfo Name="CodePage">936</VersionInfo>
                </VersionInfo>
                <VersionInfoKeys>
                    <VersionInfoKeys Name="CompanyName"/>
                    <VersionInfoKeys Name="FileDescription"/>
                    <VersionInfoKeys Name="FileVersion">1.0.0.0</VersionInfoKeys>
                    <VersionInfoKeys Name="InternalName"/>
                    <VersionInfoKeys Name="LegalCopyright"/>
                    <VersionInfoKeys Name="LegalTrademarks"/>
                    <VersionInfoKeys Name="OriginalFilename"/>
                    <VersionInfoKeys Name="ProductName"/>
                    <VersionInfoKeys Name="ProductVersion">1.0.0.0</VersionInfoKeys>
                    <VersionInfoKeys Name="Comments"/>
                    <VersionInfoKeys Name="CFBundleName"/>
                    <VersionInfoKeys Name="CFBundleDisplayName"/>
                    <VersionInfoKeys Name="CFBundleIdentifier"/>
                    <VersionInfoKeys Name="CFBundleVersion"/>
                    <VersionInfoKeys Name="CFBundlePackageType"/>
                    <VersionInfoKeys Name="CFBundleSignature"/>
                    <VersionInfoKeys Name="CFBundleAllowMixedLocalizations"/>
                    <VersionInfoKeys Name="CFBundleExecutable"/>
                </VersionInfoKeys>
                <Source>
                    <Source Name="MainSource">MergeRes.dpr</Source>
                </Source>
                <Excluded_Packages>
                    <Excluded_Packages Name="$(BDSBIN)\dcloffice2k170.bpl">Microsoft Office 2000 Sample Automation Server Wrapper Components</Excluded_Packages>
                    <Excluded_Packages Name="$(BDSBIN)\dclofficexp170.bpl">Microsoft Office XP Sample Automation Server Wrapper Components</Excluded_Packages>
                    <Excluded_Packages Name="D:\comps\TMS\libxe3\tmsdedXE3.bpl">TMS Component Pack design time support</Excluded_Packages>
                </Excluded_Packages>
            </Delphi.Personality>
            <Deployment/>
            <Platforms>
                <Platform value="OSX32">False</Platform>
                <Platform value="Win32">True</Platform>
                <Platform value="Win64">False</Platform>
            </Platforms>
        </BorlandProject>
        <ProjectFileVersion>12</ProjectFileVersion>
    </ProjectExtensions>
    <Import Project="$(BDS)\Bin\CodeGear.Delphi.Targets" Condition="Exists('$(BDS)\Bin\CodeGear.Delphi.Targets')"/>
    <Import Project="$(APPDATA)\Embarcadero\$(BDSAPPDATABASEDIR)\$(PRODUCTVERSION)\UserTools.proj" Condition="Exists('$(APPDATA)\Embarcadero\$(BDSAPPDATABASEDIR)\$(PRODUCTVERSION)\UserTools.proj')"/>
</Project>
